// !$*UTF8*$!
{
	archiveVersion = 1;
	classes = {
	};
	objectVersion = 56;
	objects = {

/* Begin PBXBuildFile section */
		A824D3FC2A5F2C9D006A6F5E /* SingleImageViewController.swift in Sources */ = {isa = PBXBuildFile; fileRef = A824D3FB2A5F2C9D006A6F5E /* SingleImageViewController.swift */; };
		A846345A2A9B968B0004CFEF /* OAuth2Service.swift in Sources */ = {isa = PBXBuildFile; fileRef = A84634592A9B968B0004CFEF /* OAuth2Service.swift */; };
		A846345C2A9B97870004CFEF /* OAuth2TokenStorage.swift in Sources */ = {isa = PBXBuildFile; fileRef = A846345B2A9B97870004CFEF /* OAuth2TokenStorage.swift */; };
		A856F3292AB1E638004C97FA /* SplashViewController.swift in Sources */ = {isa = PBXBuildFile; fileRef = A856F3282AB1E638004C97FA /* SplashViewController.swift */; };
		A8A11A532A25026600A40217 /* AppDelegate.swift in Sources */ = {isa = PBXBuildFile; fileRef = A8A11A522A25026600A40217 /* AppDelegate.swift */; };
		A8A11A552A25026600A40217 /* SceneDelegate.swift in Sources */ = {isa = PBXBuildFile; fileRef = A8A11A542A25026600A40217 /* SceneDelegate.swift */; };
		A8A11A572A25026600A40217 /* ImagesListViewController.swift in Sources */ = {isa = PBXBuildFile; fileRef = A8A11A562A25026600A40217 /* ImagesListViewController.swift */; };
		A8A11A5A2A25026600A40217 /* Main.storyboard in Resources */ = {isa = PBXBuildFile; fileRef = A8A11A582A25026600A40217 /* Main.storyboard */; };
		A8A11A5C2A25026800A40217 /* Assets.xcassets in Resources */ = {isa = PBXBuildFile; fileRef = A8A11A5B2A25026800A40217 /* Assets.xcassets */; };
		A8A11A5F2A25026800A40217 /* LaunchScreen.storyboard in Resources */ = {isa = PBXBuildFile; fileRef = A8A11A5D2A25026800A40217 /* LaunchScreen.storyboard */; };
		A8A9A36B2A7441EA00F39954 /* Constants.swift in Sources */ = {isa = PBXBuildFile; fileRef = A8A9A36A2A7441EA00F39954 /* Constants.swift */; };
		A8A9A36F2A7458ED00F39954 /* AuthViewController.swift in Sources */ = {isa = PBXBuildFile; fileRef = A8A9A36E2A7458ED00F39954 /* AuthViewController.swift */; };
		A8A9A3712A745ADC00F39954 /* WebViewViewController.swift in Sources */ = {isa = PBXBuildFile; fileRef = A8A9A3702A745ADC00F39954 /* WebViewViewController.swift */; };
		A8B640242A5EFF2400218167 /* ProfileViewController.swift in Sources */ = {isa = PBXBuildFile; fileRef = A8B640232A5EFF2400218167 /* ProfileViewController.swift */; };
		A8EBC25C2A5744AC0057ED6D /* UIColor+Extensions.swift in Sources */ = {isa = PBXBuildFile; fileRef = A8EBC25B2A5744AC0057ED6D /* UIColor+Extensions.swift */; };
		A8EBC25E2A5745FF0057ED6D /* ImagesListCell.swift in Sources */ = {isa = PBXBuildFile; fileRef = A8EBC25D2A5745FF0057ED6D /* ImagesListCell.swift */; };
/* End PBXBuildFile section */

/* Begin PBXFileReference section */
		A824D3FB2A5F2C9D006A6F5E /* SingleImageViewController.swift */ = {isa = PBXFileReference; lastKnownFileType = sourcecode.swift; path = SingleImageViewController.swift; sourceTree = "<group>"; };
		A84634592A9B968B0004CFEF /* OAuth2Service.swift */ = {isa = PBXFileReference; lastKnownFileType = sourcecode.swift; path = OAuth2Service.swift; sourceTree = "<group>"; };
		A846345B2A9B97870004CFEF /* OAuth2TokenStorage.swift */ = {isa = PBXFileReference; lastKnownFileType = sourcecode.swift; path = OAuth2TokenStorage.swift; sourceTree = "<group>"; };
		A856F3282AB1E638004C97FA /* SplashViewController.swift */ = {isa = PBXFileReference; lastKnownFileType = sourcecode.swift; path = SplashViewController.swift; sourceTree = "<group>"; };
		A8A11A4F2A25026600A40217 /* ImageFeed.app */ = {isa = PBXFileReference; explicitFileType = wrapper.application; includeInIndex = 0; path = ImageFeed.app; sourceTree = BUILT_PRODUCTS_DIR; };
		A8A11A522A25026600A40217 /* AppDelegate.swift */ = {isa = PBXFileReference; lastKnownFileType = sourcecode.swift; path = AppDelegate.swift; sourceTree = "<group>"; };
		A8A11A542A25026600A40217 /* SceneDelegate.swift */ = {isa = PBXFileReference; lastKnownFileType = sourcecode.swift; path = SceneDelegate.swift; sourceTree = "<group>"; };
		A8A11A562A25026600A40217 /* ImagesListViewController.swift */ = {isa = PBXFileReference; lastKnownFileType = sourcecode.swift; path = ImagesListViewController.swift; sourceTree = "<group>"; };
		A8A11A592A25026600A40217 /* Base */ = {isa = PBXFileReference; lastKnownFileType = file.storyboard; name = Base; path = Base.lproj/Main.storyboard; sourceTree = "<group>"; };
		A8A11A5B2A25026800A40217 /* Assets.xcassets */ = {isa = PBXFileReference; lastKnownFileType = folder.assetcatalog; path = Assets.xcassets; sourceTree = "<group>"; };
		A8A11A5E2A25026800A40217 /* Base */ = {isa = PBXFileReference; lastKnownFileType = file.storyboard; name = Base; path = Base.lproj/LaunchScreen.storyboard; sourceTree = "<group>"; };
		A8A11A602A25026800A40217 /* Info.plist */ = {isa = PBXFileReference; lastKnownFileType = text.plist.xml; path = Info.plist; sourceTree = "<group>"; };
		A8A9A36A2A7441EA00F39954 /* Constants.swift */ = {isa = PBXFileReference; lastKnownFileType = sourcecode.swift; path = Constants.swift; sourceTree = "<group>"; };
		A8A9A36E2A7458ED00F39954 /* AuthViewController.swift */ = {isa = PBXFileReference; lastKnownFileType = sourcecode.swift; path = AuthViewController.swift; sourceTree = "<group>"; };
		A8A9A3702A745ADC00F39954 /* WebViewViewController.swift */ = {isa = PBXFileReference; lastKnownFileType = sourcecode.swift; path = WebViewViewController.swift; sourceTree = "<group>"; };
		A8B640232A5EFF2400218167 /* ProfileViewController.swift */ = {isa = PBXFileReference; lastKnownFileType = sourcecode.swift; path = ProfileViewController.swift; sourceTree = "<group>"; };
		A8EBC25B2A5744AC0057ED6D /* UIColor+Extensions.swift */ = {isa = PBXFileReference; lastKnownFileType = sourcecode.swift; path = "UIColor+Extensions.swift"; sourceTree = "<group>"; };
		A8EBC25D2A5745FF0057ED6D /* ImagesListCell.swift */ = {isa = PBXFileReference; lastKnownFileType = sourcecode.swift; path = ImagesListCell.swift; sourceTree = "<group>"; };
/* End PBXFileReference section */

/* Begin PBXFrameworksBuildPhase section */
		A8A11A4C2A25026600A40217 /* Frameworks */ = {
			isa = PBXFrameworksBuildPhase;
			buildActionMask = 2147483647;
			files = (
			);
			runOnlyForDeploymentPostprocessing = 0;
		};
/* End PBXFrameworksBuildPhase section */

/* Begin PBXGroup section */
		A856F32A2ABA14CB004C97FA /* SplashView */ = {
			isa = PBXGroup;
			children = (
				A856F3282AB1E638004C97FA /* SplashViewController.swift */,
			);
			path = SplashView;
			sourceTree = "<group>";
		};
		A8A11A462A25026600A40217 = {
			isa = PBXGroup;
			children = (
				A8A11A512A25026600A40217 /* ImageFeed */,
				A8A11A502A25026600A40217 /* Products */,
			);
			sourceTree = "<group>";
		};
		A8A11A502A25026600A40217 /* Products */ = {
			isa = PBXGroup;
			children = (
				A8A11A4F2A25026600A40217 /* ImageFeed.app */,
			);
			name = Products;
			sourceTree = "<group>";
		};
		A8A11A512A25026600A40217 /* ImageFeed */ = {
			isa = PBXGroup;
			children = (
				A8A11A522A25026600A40217 /* AppDelegate.swift */,
				A8A11A542A25026600A40217 /* SceneDelegate.swift */,
				A8A9A36A2A7441EA00F39954 /* Constants.swift */,
				A856F32A2ABA14CB004C97FA /* SplashView */,
				A8A9A36D2A7458DE00F39954 /* Auth */,
				A8B640222A5EFEF400218167 /* Profile */,
				A8EBC25F2A5746310057ED6D /* ImagesList */,
				A8EBC25A2A57444F0057ED6D /* Helpers */,
				A8A11A582A25026600A40217 /* Main.storyboard */,
				A8A11A5B2A25026800A40217 /* Assets.xcassets */,
				A8A11A5D2A25026800A40217 /* LaunchScreen.storyboard */,
				A8A11A602A25026800A40217 /* Info.plist */,
			);
			path = ImageFeed;
			sourceTree = "<group>";
		};
		A8A9A36D2A7458DE00F39954 /* Auth */ = {
			isa = PBXGroup;
			children = (
				A8A9A36E2A7458ED00F39954 /* AuthViewController.swift */,
				A8A9A3702A745ADC00F39954 /* WebViewViewController.swift */,
				A84634592A9B968B0004CFEF /* OAuth2Service.swift */,
				A846345B2A9B97870004CFEF /* OAuth2TokenStorage.swift */,
			);
			path = Auth;
			sourceTree = "<group>";
		};
		A8B640222A5EFEF400218167 /* Profile */ = {
			isa = PBXGroup;
			children = (
				A8B640232A5EFF2400218167 /* ProfileViewController.swift */,
			);
			path = Profile;
			sourceTree = "<group>";
		};
		A8EBC25A2A57444F0057ED6D /* Helpers */ = {
			isa = PBXGroup;
			children = (
				A8EBC25B2A5744AC0057ED6D /* UIColor+Extensions.swift */,
			);
			path = Helpers;
			sourceTree = "<group>";
		};
		A8EBC25F2A5746310057ED6D /* ImagesList */ = {
			isa = PBXGroup;
			children = (
				A8A11A562A25026600A40217 /* ImagesListViewController.swift */,
				A8EBC25D2A5745FF0057ED6D /* ImagesListCell.swift */,
				A824D3FB2A5F2C9D006A6F5E /* SingleImageViewController.swift */,
			);
			path = ImagesList;
			sourceTree = "<group>";
		};
/* End PBXGroup section */

/* Begin PBXNativeTarget section */
		A8A11A4E2A25026600A40217 /* ImageFeed */ = {
			isa = PBXNativeTarget;
			buildConfigurationList = A8A11A632A25026800A40217 /* Build configuration list for PBXNativeTarget "ImageFeed" */;
			buildPhases = (
				A8A11A4B2A25026600A40217 /* Sources */,
				A8A11A4C2A25026600A40217 /* Frameworks */,
				A8A11A4D2A25026600A40217 /* Resources */,
			);
			buildRules = (
			);
			dependencies = (
			);
			name = ImageFeed;
			productName = ImageFeed;
			productReference = A8A11A4F2A25026600A40217 /* ImageFeed.app */;
			productType = "com.apple.product-type.application";
		};
/* End PBXNativeTarget section */

/* Begin PBXProject section */
		A8A11A472A25026600A40217 /* Project object */ = {
			isa = PBXProject;
			attributes = {
				BuildIndependentTargetsInParallel = 1;
				LastSwiftUpdateCheck = 1420;
				LastUpgradeCheck = 1420;
				TargetAttributes = {
					A8A11A4E2A25026600A40217 = {
						CreatedOnToolsVersion = 14.2;
					};
				};
			};
			buildConfigurationList = A8A11A4A2A25026600A40217 /* Build configuration list for PBXProject "ImageFeed" */;
			compatibilityVersion = "Xcode 14.0";
			developmentRegion = en;
			hasScannedForEncodings = 0;
			knownRegions = (
				en,
				Base,
			);
			mainGroup = A8A11A462A25026600A40217;
			productRefGroup = A8A11A502A25026600A40217 /* Products */;
			projectDirPath = "";
			projectRoot = "";
			targets = (
				A8A11A4E2A25026600A40217 /* ImageFeed */,
			);
		};
/* End PBXProject section */

/* Begin PBXResourcesBuildPhase section */
		A8A11A4D2A25026600A40217 /* Resources */ = {
			isa = PBXResourcesBuildPhase;
			buildActionMask = 2147483647;
			files = (
				A8A11A5F2A25026800A40217 /* LaunchScreen.storyboard in Resources */,
				A8A11A5C2A25026800A40217 /* Assets.xcassets in Resources */,
				A8A11A5A2A25026600A40217 /* Main.storyboard in Resources */,
			);
			runOnlyForDeploymentPostprocessing = 0;
		};
/* End PBXResourcesBuildPhase section */

/* Begin PBXSourcesBuildPhase section */
		A8A11A4B2A25026600A40217 /* Sources */ = {
			isa = PBXSourcesBuildPhase;
			buildActionMask = 2147483647;
			files = (
				A846345C2A9B97870004CFEF /* OAuth2TokenStorage.swift in Sources */,
				A8A9A3712A745ADC00F39954 /* WebViewViewController.swift in Sources */,
				A8B640242A5EFF2400218167 /* ProfileViewController.swift in Sources */,
				A8A11A572A25026600A40217 /* ImagesListViewController.swift in Sources */,
				A8A11A532A25026600A40217 /* AppDelegate.swift in Sources */,
				A846345A2A9B968B0004CFEF /* OAuth2Service.swift in Sources */,
				A856F3292AB1E638004C97FA /* SplashViewController.swift in Sources */,
				A824D3FC2A5F2C9D006A6F5E /* SingleImageViewController.swift in Sources */,
				A8EBC25E2A5745FF0057ED6D /* ImagesListCell.swift in Sources */,
				A8A11A552A25026600A40217 /* SceneDelegate.swift in Sources */,
				A8EBC25C2A5744AC0057ED6D /* UIColor+Extensions.swift in Sources */,
				A8A9A36F2A7458ED00F39954 /* AuthViewController.swift in Sources */,
				A8A9A36B2A7441EA00F39954 /* Constants.swift in Sources */,
			);
			runOnlyForDeploymentPostprocessing = 0;
		};
/* End PBXSourcesBuildPhase section */

/* Begin PBXVariantGroup section */
		A8A11A582A25026600A40217 /* Main.storyboard */ = {
			isa = PBXVariantGroup;
			children = (
				A8A11A592A25026600A40217 /* Base */,
			);
			name = Main.storyboard;
			sourceTree = "<group>";
		};
		A8A11A5D2A25026800A40217 /* LaunchScreen.storyboard */ = {
			isa = PBXVariantGroup;
			children = (
				A8A11A5E2A25026800A40217 /* Base */,
			);
			name = LaunchScreen.storyboard;
			sourceTree = "<group>";
		};
/* End PBXVariantGroup section */

/* Begin XCBuildConfiguration section */
		A8A11A612A25026800A40217 /* Debug */ = {
			isa = XCBuildConfiguration;
			buildSettings = {
				ALWAYS_SEARCH_USER_PATHS = NO;
				CLANG_ANALYZER_NONNULL = YES;
				CLANG_ANALYZER_NUMBER_OBJECT_CONVERSION = YES_AGGRESSIVE;
				CLANG_CXX_LANGUAGE_STANDARD = "gnu++20";
				CLANG_ENABLE_MODULES = YES;
				CLANG_ENABLE_OBJC_ARC = YES;
				CLANG_ENABLE_OBJC_WEAK = YES;
				CLANG_WARN_BLOCK_CAPTURE_AUTORELEASING = YES;
				CLANG_WARN_BOOL_CONVERSION = YES;
				CLANG_WARN_COMMA = YES;
				CLANG_WARN_CONSTANT_CONVERSION = YES;
				CLANG_WARN_DEPRECATED_OBJC_IMPLEMENTATIONS = YES;
				CLANG_WARN_DIRECT_OBJC_ISA_USAGE = YES_ERROR;
				CLANG_WARN_DOCUMENTATION_COMMENTS = YES;
				CLANG_WARN_EMPTY_BODY = YES;
				CLANG_WARN_ENUM_CONVERSION = YES;
				CLANG_WARN_INFINITE_RECURSION = YES;
				CLANG_WARN_INT_CONVERSION = YES;
				CLANG_WARN_NON_LITERAL_NULL_CONVERSION = YES;
				CLANG_WARN_OBJC_IMPLICIT_RETAIN_SELF = YES;
				CLANG_WARN_OBJC_LITERAL_CONVERSION = YES;
				CLANG_WARN_OBJC_ROOT_CLASS = YES_ERROR;
				CLANG_WARN_QUOTED_INCLUDE_IN_FRAMEWORK_HEADER = YES;
				CLANG_WARN_RANGE_LOOP_ANALYSIS = YES;
				CLANG_WARN_STRICT_PROTOTYPES = YES;
				CLANG_WARN_SUSPICIOUS_MOVE = YES;
				CLANG_WARN_UNGUARDED_AVAILABILITY = YES_AGGRESSIVE;
				CLANG_WARN_UNREACHABLE_CODE = YES;
				CLANG_WARN__DUPLICATE_METHOD_MATCH = YES;
				COPY_PHASE_STRIP = NO;
				DEBUG_INFORMATION_FORMAT = dwarf;
				ENABLE_STRICT_OBJC_MSGSEND = YES;
				ENABLE_TESTABILITY = YES;
				GCC_C_LANGUAGE_STANDARD = gnu11;
				GCC_DYNAMIC_NO_PIC = NO;
				GCC_NO_COMMON_BLOCKS = YES;
				GCC_OPTIMIZATION_LEVEL = 0;
				GCC_PREPROCESSOR_DEFINITIONS = (
					"DEBUG=1",
					"$(inherited)",
				);
				GCC_WARN_64_TO_32_BIT_CONVERSION = YES;
				GCC_WARN_ABOUT_RETURN_TYPE = YES_ERROR;
				GCC_WARN_UNDECLARED_SELECTOR = YES;
				GCC_WARN_UNINITIALIZED_AUTOS = YES_AGGRESSIVE;
				GCC_WARN_UNUSED_FUNCTION = YES;
				GCC_WARN_UNUSED_VARIABLE = YES;
				IPHONEOS_DEPLOYMENT_TARGET = 13.0;
				MTL_ENABLE_DEBUG_INFO = INCLUDE_SOURCE;
				MTL_FAST_MATH = YES;
				ONLY_ACTIVE_ARCH = YES;
				SDKROOT = iphoneos;
				SWIFT_ACTIVE_COMPILATION_CONDITIONS = DEBUG;
				SWIFT_OPTIMIZATION_LEVEL = "-Onone";
			};
			name = Debug;
		};
		A8A11A622A25026800A40217 /* Release */ = {
			isa = XCBuildConfiguration;
			buildSettings = {
				ALWAYS_SEARCH_USER_PATHS = NO;
				CLANG_ANALYZER_NONNULL = YES;
				CLANG_ANALYZER_NUMBER_OBJECT_CONVERSION = YES_AGGRESSIVE;
				CLANG_CXX_LANGUAGE_STANDARD = "gnu++20";
				CLANG_ENABLE_MODULES = YES;
				CLANG_ENABLE_OBJC_ARC = YES;
				CLANG_ENABLE_OBJC_WEAK = YES;
				CLANG_WARN_BLOCK_CAPTURE_AUTORELEASING = YES;
				CLANG_WARN_BOOL_CONVERSION = YES;
				CLANG_WARN_COMMA = YES;
				CLANG_WARN_CONSTANT_CONVERSION = YES;
				CLANG_WARN_DEPRECATED_OBJC_IMPLEMENTATIONS = YES;
				CLANG_WARN_DIRECT_OBJC_ISA_USAGE = YES_ERROR;
				CLANG_WARN_DOCUMENTATION_COMMENTS = YES;
				CLANG_WARN_EMPTY_BODY = YES;
				CLANG_WARN_ENUM_CONVERSION = YES;
				CLANG_WARN_INFINITE_RECURSION = YES;
				CLANG_WARN_INT_CONVERSION = YES;
				CLANG_WARN_NON_LITERAL_NULL_CONVERSION = YES;
				CLANG_WARN_OBJC_IMPLICIT_RETAIN_SELF = YES;
				CLANG_WARN_OBJC_LITERAL_CONVERSION = YES;
				CLANG_WARN_OBJC_ROOT_CLASS = YES_ERROR;
				CLANG_WARN_QUOTED_INCLUDE_IN_FRAMEWORK_HEADER = YES;
				CLANG_WARN_RANGE_LOOP_ANALYSIS = YES;
				CLANG_WARN_STRICT_PROTOTYPES = YES;
				CLANG_WARN_SUSPICIOUS_MOVE = YES;
				CLANG_WARN_UNGUARDED_AVAILABILITY = YES_AGGRESSIVE;
				CLANG_WARN_UNREACHABLE_CODE = YES;
				CLANG_WARN__DUPLICATE_METHOD_MATCH = YES;
				COPY_PHASE_STRIP = NO;
				DEBUG_INFORMATION_FORMAT = "dwarf-with-dsym";
				ENABLE_NS_ASSERTIONS = NO;
				ENABLE_STRICT_OBJC_MSGSEND = YES;
				GCC_C_LANGUAGE_STANDARD = gnu11;
				GCC_NO_COMMON_BLOCKS = YES;
				GCC_WARN_64_TO_32_BIT_CONVERSION = YES;
				GCC_WARN_ABOUT_RETURN_TYPE = YES_ERROR;
				GCC_WARN_UNDECLARED_SELECTOR = YES;
				GCC_WARN_UNINITIALIZED_AUTOS = YES_AGGRESSIVE;
				GCC_WARN_UNUSED_FUNCTION = YES;
				GCC_WARN_UNUSED_VARIABLE = YES;
				IPHONEOS_DEPLOYMENT_TARGET = 13.0;
				MTL_ENABLE_DEBUG_INFO = NO;
				MTL_FAST_MATH = YES;
				SDKROOT = iphoneos;
				SWIFT_COMPILATION_MODE = wholemodule;
				SWIFT_OPTIMIZATION_LEVEL = "-O";
				VALIDATE_PRODUCT = YES;
			};
			name = Release;
		};
		A8A11A642A25026800A40217 /* Debug */ = {
			isa = XCBuildConfiguration;
			buildSettings = {
				ASSETCATALOG_COMPILER_APPICON_NAME = AppIcon;
				ASSETCATALOG_COMPILER_GLOBAL_ACCENT_COLOR_NAME = AccentColor;
				CODE_SIGN_STYLE = Automatic;
				CURRENT_PROJECT_VERSION = 1;
				GENERATE_INFOPLIST_FILE = YES;
				INFOPLIST_FILE = ImageFeed/Info.plist;
				INFOPLIST_KEY_UIApplicationSupportsIndirectInputEvents = YES;
				INFOPLIST_KEY_UILaunchStoryboardName = LaunchScreen;
				INFOPLIST_KEY_UIMainStoryboardFile = Main;
				INFOPLIST_KEY_UISupportedInterfaceOrientations = UIInterfaceOrientationPortrait;
				INFOPLIST_KEY_UISupportedInterfaceOrientations_iPad = "UIInterfaceOrientationLandscapeLeft UIInterfaceOrientationLandscapeRight UIInterfaceOrientationPortrait UIInterfaceOrientationPortraitUpsideDown";
				IPHONEOS_DEPLOYMENT_TARGET = 13.0;
				LD_RUNPATH_SEARCH_PATHS = (
					"$(inherited)",
					"@executable_path/Frameworks",
				);
				MARKETING_VERSION = 1.0;
				PRODUCT_BUNDLE_IDENTIFIER = ru.yandex.practicum.ImageFeed;
				PRODUCT_NAME = "$(TARGET_NAME)";
				SUPPORTED_PLATFORMS = "iphoneos iphonesimulator";
				SUPPORTS_MACCATALYST = NO;
				SUPPORTS_MAC_DESIGNED_FOR_IPHONE_IPAD = NO;
				SWIFT_EMIT_LOC_STRINGS = YES;
				SWIFT_VERSION = 5.0;
				TARGETED_DEVICE_FAMILY = 1;
			};
			name = Debug;
		};
		A8A11A652A25026800A40217 /* Release */ = {
			isa = XCBuildConfiguration;
			buildSettings = {
				ASSETCATALOG_COMPILER_APPICON_NAME = AppIcon;
				ASSETCATALOG_COMPILER_GLOBAL_ACCENT_COLOR_NAME = AccentColor;
				CODE_SIGN_STYLE = Automatic;
				CURRENT_PROJECT_VERSION = 1;
				GENERATE_INFOPLIST_FILE = YES;
				INFOPLIST_FILE = ImageFeed/Info.plist;
				INFOPLIST_KEY_UIApplicationSupportsIndirectInputEvents = YES;
				INFOPLIST_KEY_UILaunchStoryboardName = LaunchScreen;
				INFOPLIST_KEY_UIMainStoryboardFile = Main;
				INFOPLIST_KEY_UISupportedInterfaceOrientations = UIInterfaceOrientationPortrait;
				INFOPLIST_KEY_UISupportedInterfaceOrientations_iPad = "UIInterfaceOrientationLandscapeLeft UIInterfaceOrientationLandscapeRight UIInterfaceOrientationPortrait UIInterfaceOrientationPortraitUpsideDown";
				IPHONEOS_DEPLOYMENT_TARGET = 13.0;
				LD_RUNPATH_SEARCH_PATHS = (
					"$(inherited)",
					"@executable_path/Frameworks",
				);
				MARKETING_VERSION = 1.0;
				PRODUCT_BUNDLE_IDENTIFIER = ru.yandex.practicum.ImageFeed;
				PRODUCT_NAME = "$(TARGET_NAME)";
				SUPPORTED_PLATFORMS = "iphoneos iphonesimulator";
				SUPPORTS_MACCATALYST = NO;
				SUPPORTS_MAC_DESIGNED_FOR_IPHONE_IPAD = NO;
				SWIFT_EMIT_LOC_STRINGS = YES;
				SWIFT_VERSION = 5.0;
				TARGETED_DEVICE_FAMILY = 1;
			};
			name = Release;
		};
/* End XCBuildConfiguration section */

/* Begin XCConfigurationList section */
		A8A11A4A2A25026600A40217 /* Build configuration list for PBXProject "ImageFeed" */ = {
			isa = XCConfigurationList;
			buildConfigurations = (
				A8A11A612A25026800A40217 /* Debug */,
				A8A11A622A25026800A40217 /* Release */,
			);
			defaultConfigurationIsVisible = 0;
			defaultConfigurationName = Release;
		};
		A8A11A632A25026800A40217 /* Build configuration list for PBXNativeTarget "ImageFeed" */ = {
			isa = XCConfigurationList;
			buildConfigurations = (
				A8A11A642A25026800A40217 /* Debug */,
				A8A11A652A25026800A40217 /* Release */,
			);
			defaultConfigurationIsVisible = 0;
			defaultConfigurationName = Release;
		};
/* End XCConfigurationList section */
	};
	rootObject = A8A11A472A25026600A40217 /* Project object */;
}
